
Microsoft Visual Studio Solution File, Format Version 12.00
# Visual Studio 15
VisualStudioVersion = 15.0.26730.16
MinimumVisualStudioVersion = 10.0.40219.1
Project("{FAE04EC0-301F-11D3-BF4B-00C04F79EFBC}") = "WebApplication1", "WebApplication1\WebApplication1.csproj", "{F1AF41D2-5BAE-4E38-9B87-C06511DD6888}"
EndProject
Global
	GlobalSection(SolutionConfigurationPlatforms) = preSolution
		Debug|Any CPU = Debug|Any CPU
		Release|Any CPU = Release|Any CPU
	EndGlobalSection
	GlobalSection(ProjectConfigurationPlatforms) = postSolution
		{F1AF41D2-5BAE-4E38-9B87-C06511DD6888}.Debug|Any CPU.ActiveCfg = Debug|Any CPU
		{F1AF41D2-5BAE-4E38-9B87-C06511DD6888}.Debug|Any CPU.Build.0 = Debug|Any CPU
		{F1AF41D2-5BAE-4E38-9B87-C06511DD6888}.Release|Any CPU.ActiveCfg = Release|Any CPU
		{F1AF41D2-5BAE-4E38-9B87-C06511DD6888}.Release|Any CPU.Build.0 = Release|Any CPU
	EndGlobalSection
	GlobalSection(SolutionProperties) = preSolution
		HideSolutionNode = FALSE
	EndGlobalSection
	GlobalSection(ExtensibilityGlobals) = postSolution
		SolutionGuid = {B8376D75-87B9-4D21-A2A5-053A3CDE4A0E}
	EndGlobalSection
EndGlobal
